
Microsoft Visual Studio Solution File, Format Version 12.00
# Visual Studio Version 16
VisualStudioVersion = 16.0.30413.136
MinimumVisualStudioVersion = 10.0.40219.1
Project("{FAE04EC0-301F-11D3-BF4B-00C04F79EFBC}") = "CalculatorUI", "CalculatorUI\CalculatorUI.csproj", "{4CD2881C-6646-472A-87C3-FD9F8EAAFA41}"
EndProject
Global
	GlobalSection(SolutionConfigurationPlatforms) = preSolution
		Debug|Any CPU = Debug|Any CPU
		Release|Any CPU = Release|Any CPU
	EndGlobalSection
	GlobalSection(ProjectConfigurationPlatforms) = postSolution
		{4CD2881C-6646-472A-87C3-FD9F8EAAFA41}.Debug|Any CPU.ActiveCfg = Debug|Any CPU
		{4CD2881C-6646-472A-87C3-FD9F8EAAFA41}.Debug|Any CPU.Build.0 = Debug|Any CPU
		{4CD2881C-6646-472A-87C3-FD9F8EAAFA41}.Release|Any CPU.ActiveCfg = Release|Any CPU
		{4CD2881C-6646-472A-87C3-FD9F8EAAFA41}.Release|Any CPU.Build.0 = Release|Any CPU
	EndGlobalSection
	GlobalSection(SolutionProperties) = preSolution
		HideSolutionNode = FALSE
	EndGlobalSection
	GlobalSection(ExtensibilityGlobals) = postSolution
		SolutionGuid = {FC9E0C7B-C3FE-4122-9E5F-41968A7B4150}
	EndGlobalSection
EndGlobal
